
Microsoft Visual Studio Solution File, Format Version 12.00
# Visual Studio Version 18
VisualStudioVersion = 18.1.11312.151
MinimumVisualStudioVersion = 10.0.40219.1
Project("{9A19103F-16F7-4668-BE54-9A1E7A4F7556}") = "Baseline.ItemConfig.API", "Baseline.ItemConfig.API\Baseline.ItemConfig.API.csproj", "{62A372E4-2E8A-4C5E-9193-0CD69297880E}"
EndProject
Project("{FAE04EC0-301F-11D3-BF4B-00C04F79EFBC}") = "Baseline.ItemConfig.Application", "Baseline.ItemConfig.Application\Baseline.ItemConfig.Application.csproj", "{FED6AE07-D1AA-4B02-8293-EDB3024CBD84}"
EndProject
Project("{FAE04EC0-301F-11D3-BF4B-00C04F79EFBC}") = "Baseline.ItemConfig.Domain", "Baseline.ItemConfig.Domain\Baseline.ItemConfig.Domain.csproj", "{17A69846-0AB4-4B43-A109-4BEB1429AC4C}"
EndProject
Project("{FAE04EC0-301F-11D3-BF4B-00C04F79EFBC}") = "Baseline.ItemConfig.Infrastructure", "Baseline.ItemConfig.Infrastructure\Baseline.ItemConfig.Infrastructure.csproj", "{0C08184E-B1A0-1DC3-7DB6-3113A04C9EDF}"
EndProject
Project("{FAE04EC0-301F-11D3-BF4B-00C04F79EFBC}") = "Baseline.Common", "..\Baseline.Common\Baseline.Common\Baseline.Common.csproj", "{B570AB08-F5B8-EDE1-9842-0FA62D81CB91}"
EndProject
Global
	GlobalSection(SolutionConfigurationPlatforms) = preSolution
		Debug|Any CPU = Debug|Any CPU
		Release|Any CPU = Release|Any CPU
	EndGlobalSection
	GlobalSection(ProjectConfigurationPlatforms) = postSolution
		{62A372E4-2E8A-4C5E-9193-0CD69297880E}.Debug|Any CPU.ActiveCfg = Debug|Any CPU
		{62A372E4-2E8A-4C5E-9193-0CD69297880E}.Debug|Any CPU.Build.0 = Debug|Any CPU
		{62A372E4-2E8A-4C5E-9193-0CD69297880E}.Release|Any CPU.ActiveCfg = Release|Any CPU
		{62A372E4-2E8A-4C5E-9193-0CD69297880E}.Release|Any CPU.Build.0 = Release|Any CPU
		{FED6AE07-D1AA-4B02-8293-EDB3024CBD84}.Debug|Any CPU.ActiveCfg = Debug|Any CPU
		{FED6AE07-D1AA-4B02-8293-EDB3024CBD84}.Debug|Any CPU.Build.0 = Debug|Any CPU
		{FED6AE07-D1AA-4B02-8293-EDB3024CBD84}.Release|Any CPU.ActiveCfg = Release|Any CPU
		{FED6AE07-D1AA-4B02-8293-EDB3024CBD84}.Release|Any CPU.Build.0 = Release|Any CPU
		{17A69846-0AB4-4B43-A109-4BEB1429AC4C}.Debug|Any CPU.ActiveCfg = Debug|Any CPU
		{17A69846-0AB4-4B43-A109-4BEB1429AC4C}.Debug|Any CPU.Build.0 = Debug|Any CPU
		{17A69846-0AB4-4B43-A109-4BEB1429AC4C}.Release|Any CPU.ActiveCfg = Release|Any CPU
		{17A69846-0AB4-4B43-A109-4BEB1429AC4C}.Release|Any CPU.Build.0 = Release|Any CPU
		{0C08184E-B1A0-1DC3-7DB6-3113A04C9EDF}.Debug|Any CPU.ActiveCfg = Debug|Any CPU
		{0C08184E-B1A0-1DC3-7DB6-3113A04C9EDF}.Debug|Any CPU.Build.0 = Debug|Any CPU
		{0C08184E-B1A0-1DC3-7DB6-3113A04C9EDF}.Release|Any CPU.ActiveCfg = Release|Any CPU
		{0C08184E-B1A0-1DC3-7DB6-3113A04C9EDF}.Release|Any CPU.Build.0 = Release|Any CPU
		{B570AB08-F5B8-EDE1-9842-0FA62D81CB91}.Debug|Any CPU.ActiveCfg = Debug|Any CPU
		{B570AB08-F5B8-EDE1-9842-0FA62D81CB91}.Debug|Any CPU.Build.0 = Debug|Any CPU
		{B570AB08-F5B8-EDE1-9842-0FA62D81CB91}.Release|Any CPU.ActiveCfg = Release|Any CPU
		{B570AB08-F5B8-EDE1-9842-0FA62D81CB91}.Release|Any CPU.Build.0 = Release|Any CPU
	EndGlobalSection
	GlobalSection(SolutionProperties) = preSolution
		HideSolutionNode = FALSE
	EndGlobalSection
	GlobalSection(ExtensibilityGlobals) = postSolution
		SolutionGuid = {A2AF7182-A14B-492C-AF98-33E3CDE255ED}
	EndGlobalSection
EndGlobal
